// !$*UTF8*$!
{
	archiveVersion = 1;
	classes = {
	};
	objectVersion = 50;
	objects = {

/* Begin PBXBuildFile section */
		BA0A4F962412CA7000E648E1 /* AppDelegate.m in Sources */ = {isa = PBXBuildFile; fileRef = BA0A4F952412CA7000E648E1 /* AppDelegate.m */; };
		BA0A4F982412CA7700E648E1 /* Assets.xcassets in Resources */ = {isa = PBXBuildFile; fileRef = BA0A4F972412CA7700E648E1 /* Assets.xcassets */; };
		BA0A4F9B2412CA7700E648E1 /* MainMenu.xib in Resources */ = {isa = PBXBuildFile; fileRef = BA0A4F992412CA7700E648E1 /* MainMenu.xib */; };
		BA0A4F9E2412CA7700E648E1 /* main.m in Sources */ = {isa = PBXBuildFile; fileRef = BA0A4F9D2412CA7700E648E1 /* main.m */; };
		BA0A4FB02412CA7700E648E1 /* RetainCycleExample.m in Sources */ = {isa = PBXBuildFile; fileRef = BA0A4FAF2412CA7700E648E1 /* RetainCycleExample.m */; };
/* End PBXBuildFile section */

/* Begin PBXFileReference section */
		BA0A4F912412CA7000E648E1 /* RetainCycleTest.app */ = {isa = PBXFileReference; explicitFileType = wrapper.application; includeInIndex = 0; path = RetainCycleTest.app; sourceTree = BUILT_PRODUCTS_DIR; };
		BA0A4F942412CA7000E648E1 /* AppDelegate.h */ = {isa = PBXFileReference; lastKnownFileType = sourcecode.c.h; path = AppDelegate.h; sourceTree = "<group>"; };
		BA0A4F952412CA7000E648E1 /* AppDelegate.m */ = {isa = PBXFileReference; lastKnownFileType = sourcecode.c.objc; path = AppDelegate.m; sourceTree = "<group>"; };
		BA0A4F972412CA7700E648E1 /* Assets.xcassets */ = {isa = PBXFileReference; lastKnownFileType = folder.assetcatalog; path = Assets.xcassets; sourceTree = "<group>"; };
		BA0A4F9A2412CA7700E648E1 /* Base */ = {isa = PBXFileReference; lastKnownFileType = file.xib; name = Base; path = Base.lproj/MainMenu.xib; sourceTree = "<group>"; };
		BA0A4F9C2412CA7700E648E1 /* Info.plist */ = {isa = PBXFileReference; lastKnownFileType = text.plist.xml; path = Info.plist; sourceTree = "<group>"; };
		BA0A4F9D2412CA7700E648E1 /* main.m */ = {isa = PBXFileReference; lastKnownFileType = sourcecode.c.objc; path = main.m; sourceTree = "<group>"; };
		BA0A4F9F2412CA7700E648E1 /* RetainCycleTest.entitlements */ = {isa = PBXFileReference; lastKnownFileType = text.plist.entitlements; path = RetainCycleTest.entitlements; sourceTree = "<group>"; };
		BA0A4FAE2412CA7700E648E1 /* RetainCycleExample.h */ = {isa = PBXFileReference; lastKnownFileType = sourcecode.c.h; path = RetainCycleExample.h; sourceTree = "<group>"; };
		BA0A4FAF2412CA7700E648E1 /* RetainCycleExample.m */ = {isa = PBXFileReference; lastKnownFileType = sourcecode.c.objc; path = RetainCycleExample.m; sourceTree = "<group>"; };
/* End PBXFileReference section */

/* Begin PBXFrameworksBuildPhase section */
		BA0A4F8E2412CA7000E648E1 /* Frameworks */ = {
			isa = PBXFrameworksBuildPhase;
			buildActionMask = 2147483647;
			files = (
			);
			runOnlyForDeploymentPostprocessing = 0;
		};
/* End PBXFrameworksBuildPhase section */

/* Begin PBXGroup section */
		BA0A4F882412CA7000E648E1 = {
			isa = PBXGroup;
			children = (
				BA0A4F932412CA7000E648E1 /* RetainCycleTest */,
				BA0A4F922412CA7000E648E1 /* Products */,
			);
			sourceTree = "<group>";
		};
		BA0A4F922412CA7000E648E1 /* Products */ = {
			isa = PBXGroup;
			children = (
				BA0A4F912412CA7000E648E1 /* RetainCycleTest.app */,
			);
			name = Products;
			sourceTree = "<group>";
		};
		BA0A4F932412CA7000E648E1 /* RetainCycleTest */ = {
			isa = PBXGroup;
			children = (
				BA0A4F942412CA7000E648E1 /* AppDelegate.h */,
				BA0A4F952412CA7000E648E1 /* AppDelegate.m */,
				BA0A4F972412CA7700E648E1 /* Assets.xcassets */,
				BA0A4F992412CA7700E648E1 /* MainMenu.xib */,
				BA0A4F9C2412CA7700E648E1 /* Info.plist */,
				BA0A4F9D2412CA7700E648E1 /* main.m */,
				BA0A4F9F2412CA7700E648E1 /* RetainCycleTest.entitlements */,
				BA0A4FAE2412CA7700E648E1 /* RetainCycleExample.h */,
				BA0A4FAF2412CA7700E648E1 /* RetainCycleExample.m */,
			);
			path = RetainCycleTest;
			sourceTree = "<group>";
		};
/* End PBXGroup section */

/* Begin PBXNativeTarget section */
		BA0A4F902412CA7000E648E1 /* RetainCycleTest */ = {
			isa = PBXNativeTarget;
			buildConfigurationList = BA0A4FA22412CA7700E648E1 /* Build configuration list for PBXNativeTarget "RetainCycleTest" */;
			buildPhases = (
				BA0A4F8D2412CA7000E648E1 /* Sources */,
				BA0A4F8E2412CA7000E648E1 /* Frameworks */,
				BA0A4F8F2412CA7000E648E1 /* Resources */,
			);
			buildRules = (
			);
			dependencies = (
			);
			name = RetainCycleTest;
			productName = RetainCycleTest;
			productReference = BA0A4F912412CA7000E648E1 /* RetainCycleTest.app */;
			productType = "com.apple.product-type.application";
		};
/* End PBXNativeTarget section */

/* Begin PBXProject section */
		BA0A4F892412CA7000E648E1 /* Project object */ = {
			isa = PBXProject;
			attributes = {
				LastUpgradeCheck = 0930;
				ORGANIZATIONNAME = Jets;
				TargetAttributes = {
					BA0A4F902412CA7000E648E1 = {
						CreatedOnToolsVersion = 9.3;
					};
				};
			};
			buildConfigurationList = BA0A4F8C2412CA7000E648E1 /* Build configuration list for PBXProject "RetainCycleTest" */;
			compatibilityVersion = "Xcode 9.3";
			developmentRegion = en;
			hasScannedForEncodings = 0;
			knownRegions = (
				en,
				Base,
			);
			mainGroup = BA0A4F882412CA7000E648E1;
			productRefGroup = BA0A4F922412CA7000E648E1 /* Products */;
			projectDirPath = "";
			projectRoot = "";
			targets = (
				BA0A4F902412CA7000E648E1 /* RetainCycleTest */,
			);
		};
/* End PBXProject section */

/* Begin PBXResourcesBuildPhase section */
		BA0A4F8F2412CA7000E648E1 /* Resources */ = {
			isa = PBXResourcesBuildPhase;
			buildActionMask = 2147483647;
			files = (
				BA0A4F982412CA7700E648E1 /* Assets.xcassets in Resources */,
				BA0A4F9B2412CA7700E648E1 /* MainMenu.xib in Resources */,
			);
			runOnlyForDeploymentPostprocessing = 0;
		};
/* End PBXResourcesBuildPhase section */

/* Begin PBXSourcesBuildPhase section */
		BA0A4F8D2412CA7000E648E1 /* Sources */ = {
			isa = PBXSourcesBuildPhase;
			buildActionMask = 2147483647;
			files = (
				BA0A4F9E2412CA7700E648E1 /* main.m in Sources */,
				BA0A4F962412CA7000E648E1 /* AppDelegate.m in Sources */,
				BA0A4FB02412CA7700E648E1 /* RetainCycleExample.m in Sources */,
			);
			runOnlyForDeploymentPostprocessing = 0;
		};
/* End PBXSourcesBuildPhase section */

/* Begin PBXVariantGroup section */
		BA0A4F992412CA7700E648E1 /* MainMenu.xib */ = {
			isa = PBXVariantGroup;
			children = (
				BA0A4F9A2412CA7700E648E1 /* Base */,
			);
			name = MainMenu.xib;
			sourceTree = "<group>";
		};
/* End PBXVariantGroup section */

/* Begin XCBuildConfiguration section */
		BA0A4FA02412CA7700E648E1 /* Debug */ = {
			isa = XCBuildConfiguration;
			buildSettings = {
				ALWAYS_SEARCH_USER_PATHS = NO;
				CLANG_ANALYZER_NONNULL = YES;
				CLANG_ANALYZER_NUMBER_OBJECT_CONVERSION = YES_AGGRESSIVE;
				CLANG_CXX_LANGUAGE_STANDARD = "gnu++14";
				CLANG_CXX_LIBRARY = "libc++";
				CLANG_ENABLE_MODULES = YES;
				CLANG_ENABLE_OBJC_ARC = YES;
				CLANG_ENABLE_OBJC_WEAK = YES;
				CLANG_WARN_BLOCK_CAPTURE_AUTORELEASING = YES;
				CLANG_WARN_BOOL_CONVERSION = YES;
				CLANG_WARN_COMMA = YES;
				CLANG_WARN_CONSTANT_CONVERSION = YES;
				CLANG_WARN_DEPRECATED_OBJC_IMPLEMENTATIONS = YES;
				CLANG_WARN_DIRECT_OBJC_ISA_USAGE = YES_ERROR;
				CLANG_WARN_DOCUMENTATION_COMMENTS = YES;
				CLANG_WARN_EMPTY_BODY = YES;
				CLANG_WARN_ENUM_CONVERSION = YES;
				CLANG_WARN_INFINITE_RECURSION = YES;
				CLANG_WARN_INT_CONVERSION = YES;
				CLANG_WARN_NON_LITERAL_NULL_CONVERSION = YES;
				CLANG_WARN_OBJC_IMPLICIT_RETAIN_SELF = YES;
				CLANG_WARN_OBJC_LITERAL_CONVERSION = YES;
				CLANG_WARN_OBJC_ROOT_CLASS = YES_ERROR;
				CLANG_WARN_RANGE_LOOP_ANALYSIS = YES;
				CLANG_WARN_STRICT_PROTOTYPES = YES;
				CLANG_WARN_SUSPICIOUS_MOVE = YES;
				CLANG_WARN_UNGUARDED_AVAILABILITY = YES_AGGRESSIVE;
				CLANG_WARN_UNREACHABLE_CODE = YES;
				CLANG_WARN__DUPLICATE_METHOD_MATCH = YES;
				CODE_SIGN_IDENTITY = "-";
				COPY_PHASE_STRIP = NO;
				DEBUG_INFORMATION_FORMAT = dwarf;
				ENABLE_STRICT_OBJC_MSGSEND = YES;
				ENABLE_TESTABILITY = YES;
				GCC_C_LANGUAGE_STANDARD = gnu11;
				GCC_DYNAMIC_NO_PIC = NO;
				GCC_NO_COMMON_BLOCKS = YES;
				GCC_OPTIMIZATION_LEVEL = 0;
				GCC_PREPROCESSOR_DEFINITIONS = (
					"DEBUG=1",
					"$(inherited)",
				);
				GCC_WARN_64_TO_32_BIT_CONVERSION = YES;
				GCC_WARN_ABOUT_RETURN_TYPE = YES_ERROR;
				GCC_WARN_UNDECLARED_SELECTOR = YES;
				GCC_WARN_UNINITIALIZED_AUTOS = YES_AGGRESSIVE;
				GCC_WARN_UNUSED_FUNCTION = YES;
				GCC_WARN_UNUSED_VARIABLE = YES;
				MACOSX_DEPLOYMENT_TARGET = 10.13;
				MTL_ENABLE_DEBUG_INFO = YES;
				ONLY_ACTIVE_ARCH = YES;
				SDKROOT = macosx;
			};
			name = Debug;
		};
		BA0A4FA12412CA7700E648E1 /* Release */ = {
			isa = XCBuildConfiguration;
			buildSettings = {
				ALWAYS_SEARCH_USER_PATHS = NO;
				CLANG_ANALYZER_NONNULL = YES;
				CLANG_ANALYZER_NUMBER_OBJECT_CONVERSION = YES_AGGRESSIVE;
				CLANG_CXX_LANGUAGE_STANDARD = "gnu++14";
				CLANG_CXX_LIBRARY = "libc++";
				CLANG_ENABLE_MODULES = YES;
				CLANG_ENABLE_OBJC_ARC = YES;
				CLANG_ENABLE_OBJC_WEAK = YES;
				CLANG_WARN_BLOCK_CAPTURE_AUTORELEASING = YES;
				CLANG_WARN_BOOL_CONVERSION = YES;
				CLANG_WARN_COMMA = YES;
				CLANG_WARN_CONSTANT_CONVERSION = YES;
				CLANG_WARN_DEPRECATED_OBJC_IMPLEMENTATIONS = YES;
				CLANG_WARN_DIRECT_OBJC_ISA_USAGE = YES_ERROR;
				CLANG_WARN_DOCUMENTATION_COMMENTS = YES;
				CLANG_WARN_EMPTY_BODY = YES;
				CLANG_WARN_ENUM_CONVERSION = YES;
				CLANG_WARN_INFINITE_RECURSION = YES;
				CLANG_WARN_INT_CONVERSION = YES;
				CLANG_WARN_NON_LITERAL_NULL_CONVERSION = YES;
				CLANG_WARN_OBJC_IMPLICIT_RETAIN_SELF = YES;
				CLANG_WARN_OBJC_LITERAL_CONVERSION = YES;
				CLANG_WARN_OBJC_ROOT_CLASS = YES_ERROR;
				CLANG_WARN_RANGE_LOOP_ANALYSIS = YES;
				CLANG_WARN_STRICT_PROTOTYPES = YES;
				CLANG_WARN_SUSPICIOUS_MOVE = YES;
				CLANG_WARN_UNGUARDED_AVAILABILITY = YES_AGGRESSIVE;
				CLANG_WARN_UNREACHABLE_CODE = YES;
				CLANG_WARN__DUPLICATE_METHOD_MATCH = YES;
				CODE_SIGN_IDENTITY = "-";
				COPY_PHASE_STRIP = NO;
				DEBUG_INFORMATION_FORMAT = "dwarf-with-dsym";
				ENABLE_NS_ASSERTIONS = NO;
				ENABLE_STRICT_OBJC_MSGSEND = YES;
				GCC_C_LANGUAGE_STANDARD = gnu11;
				GCC_NO_COMMON_BLOCKS = YES;
				GCC_WARN_64_TO_32_BIT_CONVERSION = YES;
				GCC_WARN_ABOUT_RETURN_TYPE = YES_ERROR;
				GCC_WARN_UNDECLARED_SELECTOR = YES;
				GCC_WARN_UNINITIALIZED_AUTOS = YES_AGGRESSIVE;
				GCC_WARN_UNUSED_FUNCTION = YES;
				GCC_WARN_UNUSED_VARIABLE = YES;
				MACOSX_DEPLOYMENT_TARGET = 10.13;
				MTL_ENABLE_DEBUG_INFO = NO;
				SDKROOT = macosx;
			};
			name = Release;
		};
		BA0A4FA32412CA7700E648E1 /* Debug */ = {
			isa = XCBuildConfiguration;
			buildSettings = {
				ASSETCATALOG_COMPILER_APPICON_NAME = AppIcon;
				CODE_SIGN_ENTITLEMENTS = RetainCycleTest/RetainCycleTest.entitlements;
				CODE_SIGN_STYLE = Automatic;
				COMBINE_HIDPI_IMAGES = YES;
				INFOPLIST_FILE = RetainCycleTest/Info.plist;
				LD_RUNPATH_SEARCH_PATHS = (
					"$(inherited)",
					"@executable_path/../Frameworks",
				);
				PRODUCT_BUNDLE_IDENTIFIER = com.ep.RetainCycleTest;
				PRODUCT_NAME = "$(TARGET_NAME)";
			};
			name = Debug;
		};
		BA0A4FA42412CA7700E648E1 /* Release */ = {
			isa = XCBuildConfiguration;
			buildSettings = {
				ASSETCATALOG_COMPILER_APPICON_NAME = AppIcon;
				CODE_SIGN_ENTITLEMENTS = RetainCycleTest/RetainCycleTest.entitlements;
				CODE_SIGN_STYLE = Automatic;
				COMBINE_HIDPI_IMAGES = YES;
				INFOPLIST_FILE = RetainCycleTest/Info.plist;
				LD_RUNPATH_SEARCH_PATHS = (
					"$(inherited)",
					"@executable_path/../Frameworks",
				);
				PRODUCT_BUNDLE_IDENTIFIER = com.ep.RetainCycleTest;
				PRODUCT_NAME = "$(TARGET_NAME)";
			};
			name = Release;
		};
/* End XCBuildConfiguration section */

/* Begin XCConfigurationList section */
		BA0A4F8C2412CA7000E648E1 /* Build configuration list for PBXProject "RetainCycleTest" */ = {
			isa = XCConfigurationList;
			buildConfigurations = (
				BA0A4FA02412CA7700E648E1 /* Debug */,
				BA0A4FA12412CA7700E648E1 /* Release */,
			);
			defaultConfigurationIsVisible = 0;
			defaultConfigurationName = Release;
		};
		BA0A4FA22412CA7700E648E1 /* Build configuration list for PBXNativeTarget "RetainCycleTest" */ = {
			isa = XCConfigurationList;
			buildConfigurations = (
				BA0A4FA32412CA7700E648E1 /* Debug */,
				BA0A4FA42412CA7700E648E1 /* Release */,
			);
			defaultConfigurationIsVisible = 0;
			defaultConfigurationName = Release;
		};
/* End XCConfigurationList section */
	};
	rootObject = BA0A4F892412CA7000E648E1 /* Project object */;
}
